
Microsoft Visual Studio Solution File, Format Version 12.00
# Visual Studio Version 16
VisualStudioVersion = 16.0.31229.75
MinimumVisualStudioVersion = 10.0.40219.1
Project("{9A19103F-16F7-4668-BE54-9A1E7A4F7556}") = "LeetCode", "LeetCode\LeetCode.csproj", "{2D3B2343-C555-4A99-B542-D5C89E47BEDC}"
EndProject
Project("{2150E333-8FDC-42A3-9474-1A3956D46DE8}") = "Solution Items", "Solution Items", "{310B2C26-C868-4D43-8C42-11454DC75742}"
	ProjectSection(SolutionItems) = preProject
		.gitignore = .gitignore
	EndProjectSection
EndProject
Project("{9A19103F-16F7-4668-BE54-9A1E7A4F7556}") = "Problems.Tests", "LeetCodeTests\Problems.Tests.csproj", "{88279472-D99C-4004-87FE-54F9BA95BC3B}"
EndProject
Project("{9A19103F-16F7-4668-BE54-9A1E7A4F7556}") = "Problems", "Problems\Problems.csproj", "{18514FC4-FE86-44E0-B1C7-FEE9B579FFE6}"
EndProject
Project("{9A19103F-16F7-4668-BE54-9A1E7A4F7556}") = "Utility", "Utitlity\Utility.csproj", "{9C5136C2-75CB-4C34-9509-12B15ADB8FAF}"
EndProject
Project("{9A19103F-16F7-4668-BE54-9A1E7A4F7556}") = "Utility.Tests", "Utility.Tests\Utility.Tests.csproj", "{60EBD429-66B3-4F7C-9614-5B00D6463AB3}"
EndProject
Project("{FAE04EC0-301F-11D3-BF4B-00C04F79EFBC}") = "PerformanceTesting", "PerformanceTesting\PerformanceTesting.csproj", "{520170A8-ECF7-4E72-8B35-91BEC88C04A9}"
EndProject
Global
	GlobalSection(SolutionConfigurationPlatforms) = preSolution
		Debug|Any CPU = Debug|Any CPU
		Release|Any CPU = Release|Any CPU
	EndGlobalSection
	GlobalSection(ProjectConfigurationPlatforms) = postSolution
		{2D3B2343-C555-4A99-B542-D5C89E47BEDC}.Debug|Any CPU.ActiveCfg = Debug|Any CPU
		{2D3B2343-C555-4A99-B542-D5C89E47BEDC}.Debug|Any CPU.Build.0 = Debug|Any CPU
		{2D3B2343-C555-4A99-B542-D5C89E47BEDC}.Release|Any CPU.ActiveCfg = Release|Any CPU
		{2D3B2343-C555-4A99-B542-D5C89E47BEDC}.Release|Any CPU.Build.0 = Release|Any CPU
		{88279472-D99C-4004-87FE-54F9BA95BC3B}.Debug|Any CPU.ActiveCfg = Debug|Any CPU
		{88279472-D99C-4004-87FE-54F9BA95BC3B}.Debug|Any CPU.Build.0 = Debug|Any CPU
		{88279472-D99C-4004-87FE-54F9BA95BC3B}.Release|Any CPU.ActiveCfg = Release|Any CPU
		{88279472-D99C-4004-87FE-54F9BA95BC3B}.Release|Any CPU.Build.0 = Release|Any CPU
		{18514FC4-FE86-44E0-B1C7-FEE9B579FFE6}.Debug|Any CPU.ActiveCfg = Debug|Any CPU
		{18514FC4-FE86-44E0-B1C7-FEE9B579FFE6}.Debug|Any CPU.Build.0 = Debug|Any CPU
		{18514FC4-FE86-44E0-B1C7-FEE9B579FFE6}.Release|Any CPU.ActiveCfg = Release|Any CPU
		{18514FC4-FE86-44E0-B1C7-FEE9B579FFE6}.Release|Any CPU.Build.0 = Release|Any CPU
		{9C5136C2-75CB-4C34-9509-12B15ADB8FAF}.Debug|Any CPU.ActiveCfg = Debug|Any CPU
		{9C5136C2-75CB-4C34-9509-12B15ADB8FAF}.Debug|Any CPU.Build.0 = Debug|Any CPU
		{9C5136C2-75CB-4C34-9509-12B15ADB8FAF}.Release|Any CPU.ActiveCfg = Release|Any CPU
		{9C5136C2-75CB-4C34-9509-12B15ADB8FAF}.Release|Any CPU.Build.0 = Release|Any CPU
		{60EBD429-66B3-4F7C-9614-5B00D6463AB3}.Debug|Any CPU.ActiveCfg = Debug|Any CPU
		{60EBD429-66B3-4F7C-9614-5B00D6463AB3}.Debug|Any CPU.Build.0 = Debug|Any CPU
		{60EBD429-66B3-4F7C-9614-5B00D6463AB3}.Release|Any CPU.ActiveCfg = Release|Any CPU
		{60EBD429-66B3-4F7C-9614-5B00D6463AB3}.Release|Any CPU.Build.0 = Release|Any CPU
		{520170A8-ECF7-4E72-8B35-91BEC88C04A9}.Debug|Any CPU.ActiveCfg = Debug|Any CPU
		{520170A8-ECF7-4E72-8B35-91BEC88C04A9}.Debug|Any CPU.Build.0 = Debug|Any CPU
		{520170A8-ECF7-4E72-8B35-91BEC88C04A9}.Release|Any CPU.ActiveCfg = Release|Any CPU
		{520170A8-ECF7-4E72-8B35-91BEC88C04A9}.Release|Any CPU.Build.0 = Release|Any CPU
	EndGlobalSection
	GlobalSection(SolutionProperties) = preSolution
		HideSolutionNode = FALSE
	EndGlobalSection
	GlobalSection(ExtensibilityGlobals) = postSolution
		SolutionGuid = {65B4F9F9-491F-4984-99F4-86D60478E132}
	EndGlobalSection
EndGlobal
